BeautifulSoup==3.2.1
Django==1.6.2
Markdown==2.4
PIL==1.1.7
Pillow==2.4.0
South==1.0
bbcode==1.0.15
coverage==3.7.1
django-annoying==0.7.9
django-attachments==0.3.1dev
django-bootstrap==2.3.1
django-bootstrap3==4.11.0
django-comments-xtd==1.3a1
django-extensions==1.3.3
django-extra-views==0.6.4
django-likes==0.0.11
django-markup==0.4
django-registration==1.0
django-secretballot==0.2.3
django-simple-captcha==0.4.2
django-taggit==0.11.2
django-taggit-templatetags==0.4.6dev
-e git+git@github.com:chuck211991/django_teams.git@d999d851652700f57126ded73cac071b8005c742#egg=django_teams-master
django-templatetag-sugar==1.0
djangorestframework==2.3.13
pybbm==0.15.5
python-memcached==1.53
six==1.6.1
sorl-thumbnail==11.12
wsgiref==0.1.2
