bbcode~=1.0.24
BeautifulSoup4~=4.5.3
coverage~=4.2
Django~=1.9.5
django-allauth~=0.28.0
django-analytical~=2.2.2
django-annoying~=0.10.3
django-appconf~=1.0.2
django-attachments~=1.0.1
django-bootstrap-static-files~=3.0.0
django-bootstrap3~=7.1.0
django-classy-tags~=0.8.0
django-cms~=3.4.1
django-comments-xtd~=1.6.3
django-compressor~=1.6
django-contrib-comments~=1.7.3
django-debug-toolbar~=1.6
django-extensions~=1.6.7
django-extra-views~=0.8.0
django-jquery~=3.1.0
django-markup~=1.1
django-mptt~=0.8.6
django-pipeline~=1.6.9
django-registration~=2.1.2
django-sekizai~=0.10.0
Django-Select2~=4.3.2
django-simple-captcha~=0.5.3
django-taggit~=0.21.3
django-taggit-templatetags~=0.4.6.dev0
django-taggit-templatetags2~=1.5.3
django-templatetag-sugar~=1.0
django-twitter-bootstrap~=3.3.0
djangocms-admin-style~=1.2.5
djangocms-file~=2.0.1
djangocms-link~=2.0.1
djangocms-picture~=2.0.2
djangocms-text-ckeditor~=3.3.0
djangocms-video~=2.0.2
djangorestframework~=3.4.7
djangorestframework-csv~=1.4.1
djangorestframework-gis~=0.10.1
geopy~=1.11.0
GitPython~=2.1.1
Markdown~=2.6.7
numpy~=1.11.2
oauthlib~=2.0.0
Pillow~=3.4.2
pybbm~=0.18.3
pytz~=2016.7
PyYAML~=3.12
requests-oauthlib~=0.7.0
six~=1.10.0
git+https://github.com/bartTC/django-attachments.git
git+https://github.com/CSnap/django-likes.git
git+https://github.com/chuck211991/django_teams.git
git+https://github.com/CSnap/django-templatetag-sugar.git
git+https://github.com/divio/django-filer.git
